
Microsoft Visual Studio Solution File, Format Version 12.00
# Visual Studio 15
Project("{FAE04EC0-301F-11D3-BF4B-00C04F79EFBC}") = "Assembly-CSharp", "Assembly-CSharp.csproj", "{A7954D2E-4557-0877-F90F-75996AD74829}"
EndProject
Project("{FAE04EC0-301F-11D3-BF4B-00C04F79EFBC}") = "DOTween.Modules", "DOTween.Modules.csproj", "{0FD24E84-52AA-7C47-03EF-F9716C34F69B}"
EndProject
Project("{FAE04EC0-301F-11D3-BF4B-00C04F79EFBC}") = "Assembly-CSharp-Editor", "Assembly-CSharp-Editor.csproj", "{2DE94463-FEF4-9601-0225-9843045C4C15}"
EndProject
Global
	GlobalSection(SolutionConfigurationPlatforms) = preSolution
		Debug|Any CPU = Debug|Any CPU
		Release|Any CPU = Release|Any CPU
	EndGlobalSection
	GlobalSection(ProjectConfigurationPlatforms) = postSolution
		{A7954D2E-4557-0877-F90F-75996AD74829}.Debug|Any CPU.ActiveCfg = Debug|Any CPU
		{A7954D2E-4557-0877-F90F-75996AD74829}.Debug|Any CPU.Build.0 = Debug|Any CPU
		{A7954D2E-4557-0877-F90F-75996AD74829}.Release|Any CPU.ActiveCfg = Release|Any CPU
		{A7954D2E-4557-0877-F90F-75996AD74829}.Release|Any CPU.Build.0 = Release|Any CPU
		{0FD24E84-52AA-7C47-03EF-F9716C34F69B}.Debug|Any CPU.ActiveCfg = Debug|Any CPU
		{0FD24E84-52AA-7C47-03EF-F9716C34F69B}.Debug|Any CPU.Build.0 = Debug|Any CPU
		{0FD24E84-52AA-7C47-03EF-F9716C34F69B}.Release|Any CPU.ActiveCfg = Release|Any CPU
		{0FD24E84-52AA-7C47-03EF-F9716C34F69B}.Release|Any CPU.Build.0 = Release|Any CPU
		{2DE94463-FEF4-9601-0225-9843045C4C15}.Debug|Any CPU.ActiveCfg = Debug|Any CPU
		{2DE94463-FEF4-9601-0225-9843045C4C15}.Debug|Any CPU.Build.0 = Debug|Any CPU
		{2DE94463-FEF4-9601-0225-9843045C4C15}.Release|Any CPU.ActiveCfg = Release|Any CPU
		{2DE94463-FEF4-9601-0225-9843045C4C15}.Release|Any CPU.Build.0 = Release|Any CPU
	EndGlobalSection
	GlobalSection(SolutionProperties) = preSolution
		HideSolutionNode = FALSE
	EndGlobalSection
EndGlobal
